
Microsoft Visual Studio Solution File, Format Version 12.00
# Visual Studio Version 17
VisualStudioVersion = 17.7.34024.191
MinimumVisualStudioVersion = 10.0.40219.1
Project("{FAE04EC0-301F-11D3-BF4B-00C04F79EFBC}") = "5genInitialSeedSearch", "5genInitialSeedSearch\5genInitialSeedSearch.csproj", "{D782E1EF-21F0-42A3-9B1F-471E6978A6E6}"
EndProject
Project("{9A19103F-16F7-4668-BE54-9A1E7A4F7556}") = "StartingDateTimeSearcher", "StartingDateTimeSearcher\StartingDateTimeSearcher.csproj", "{EB3958B8-AD1D-45EC-BA7B-BD62301F5DDE}"
EndProject
Project("{FAE04EC0-301F-11D3-BF4B-00C04F79EFBC}") = "MTSeedSearcher", "MTSeedSearcher\MTSeedSearcher.csproj", "{43B7F39C-F103-4C5B-A0A1-20711D257A71}"
EndProject
Global
	GlobalSection(SolutionConfigurationPlatforms) = preSolution
		Debug|Any CPU = Debug|Any CPU
		Release|Any CPU = Release|Any CPU
	EndGlobalSection
	GlobalSection(ProjectConfigurationPlatforms) = postSolution
		{D782E1EF-21F0-42A3-9B1F-471E6978A6E6}.Debug|Any CPU.ActiveCfg = Debug|Any CPU
		{D782E1EF-21F0-42A3-9B1F-471E6978A6E6}.Debug|Any CPU.Build.0 = Debug|Any CPU
		{D782E1EF-21F0-42A3-9B1F-471E6978A6E6}.Release|Any CPU.ActiveCfg = Release|Any CPU
		{D782E1EF-21F0-42A3-9B1F-471E6978A6E6}.Release|Any CPU.Build.0 = Release|Any CPU
		{EB3958B8-AD1D-45EC-BA7B-BD62301F5DDE}.Debug|Any CPU.ActiveCfg = Debug|Any CPU
		{EB3958B8-AD1D-45EC-BA7B-BD62301F5DDE}.Debug|Any CPU.Build.0 = Debug|Any CPU
		{EB3958B8-AD1D-45EC-BA7B-BD62301F5DDE}.Release|Any CPU.ActiveCfg = Release|Any CPU
		{EB3958B8-AD1D-45EC-BA7B-BD62301F5DDE}.Release|Any CPU.Build.0 = Release|Any CPU
		{43B7F39C-F103-4C5B-A0A1-20711D257A71}.Debug|Any CPU.ActiveCfg = Debug|Any CPU
		{43B7F39C-F103-4C5B-A0A1-20711D257A71}.Debug|Any CPU.Build.0 = Debug|Any CPU
		{43B7F39C-F103-4C5B-A0A1-20711D257A71}.Release|Any CPU.ActiveCfg = Release|Any CPU
		{43B7F39C-F103-4C5B-A0A1-20711D257A71}.Release|Any CPU.Build.0 = Release|Any CPU
	EndGlobalSection
	GlobalSection(SolutionProperties) = preSolution
		HideSolutionNode = FALSE
	EndGlobalSection
	GlobalSection(ExtensibilityGlobals) = postSolution
		SolutionGuid = {F517B49A-DBA7-4B1E-96CD-9183F0DD198B}
	EndGlobalSection
EndGlobal
